
Microsoft Visual Studio Solution File, Format Version 12.00
# Visual Studio Version 17
VisualStudioVersion = 17.5.002.0
MinimumVisualStudioVersion = 10.0.40219.1
Project("{9A19103F-16F7-4668-BE54-9A1E7A4F7556}") = "ClassroomManagerAPI", "ClassroomManagerAPI.csproj", "{4EF204D5-F50A-42CD-AB7D-D4801B49D83B}"
EndProject
Global
	GlobalSection(SolutionConfigurationPlatforms) = preSolution
		Debug|Any CPU = Debug|Any CPU
		Release|Any CPU = Release|Any CPU
	EndGlobalSection
	GlobalSection(ProjectConfigurationPlatforms) = postSolution
		{4EF204D5-F50A-42CD-AB7D-D4801B49D83B}.Debug|Any CPU.ActiveCfg = Debug|Any CPU
		{4EF204D5-F50A-42CD-AB7D-D4801B49D83B}.Debug|Any CPU.Build.0 = Debug|Any CPU
		{4EF204D5-F50A-42CD-AB7D-D4801B49D83B}.Release|Any CPU.ActiveCfg = Release|Any CPU
		{4EF204D5-F50A-42CD-AB7D-D4801B49D83B}.Release|Any CPU.Build.0 = Release|Any CPU
	EndGlobalSection
	GlobalSection(SolutionProperties) = preSolution
		HideSolutionNode = FALSE
	EndGlobalSection
	GlobalSection(ExtensibilityGlobals) = postSolution
		SolutionGuid = {34FC8698-B5AE-489B-8340-E23B5A5EA7A7}
	EndGlobalSection
EndGlobal
